
Microsoft Visual Studio Solution File, Format Version 12.00
# Visual Studio Version 17
VisualStudioVersion = 17.10.34916.146
MinimumVisualStudioVersion = 10.0.40219.1
Project("{9A19103F-16F7-4668-BE54-9A1E7A4F7556}") = "TestProject1", "TestProject1\TestProject1.csproj", "{D55E216D-EBB8-451C-836A-4597B4532EE6}"
EndProject
Project("{FAE04EC0-301F-11D3-BF4B-00C04F79EFBC}") = "Shapes", "Shapes\Shapes.csproj", "{6E9BC701-1B5D-460C-A722-65634CAF3773}"
EndProject
Global
	GlobalSection(SolutionConfigurationPlatforms) = preSolution
		Debug|Any CPU = Debug|Any CPU
		Release|Any CPU = Release|Any CPU
	EndGlobalSection
	GlobalSection(ProjectConfigurationPlatforms) = postSolution
		{D55E216D-EBB8-451C-836A-4597B4532EE6}.Debug|Any CPU.ActiveCfg = Debug|Any CPU
		{D55E216D-EBB8-451C-836A-4597B4532EE6}.Debug|Any CPU.Build.0 = Debug|Any CPU
		{D55E216D-EBB8-451C-836A-4597B4532EE6}.Release|Any CPU.ActiveCfg = Release|Any CPU
		{D55E216D-EBB8-451C-836A-4597B4532EE6}.Release|Any CPU.Build.0 = Release|Any CPU
		{6E9BC701-1B5D-460C-A722-65634CAF3773}.Debug|Any CPU.ActiveCfg = Debug|Any CPU
		{6E9BC701-1B5D-460C-A722-65634CAF3773}.Debug|Any CPU.Build.0 = Debug|Any CPU
		{6E9BC701-1B5D-460C-A722-65634CAF3773}.Release|Any CPU.ActiveCfg = Release|Any CPU
		{6E9BC701-1B5D-460C-A722-65634CAF3773}.Release|Any CPU.Build.0 = Release|Any CPU
	EndGlobalSection
	GlobalSection(SolutionProperties) = preSolution
		HideSolutionNode = FALSE
	EndGlobalSection
	GlobalSection(ExtensibilityGlobals) = postSolution
		SolutionGuid = {741428FD-03D0-4B9A-BA64-94CC911F5A22}
	EndGlobalSection
EndGlobal
